
Microsoft Visual Studio Solution File, Format Version 12.00
# Visual Studio Version 16
VisualStudioVersion = 16.0.30709.132
MinimumVisualStudioVersion = 10.0.40219.1
Project("{FAE04EC0-301F-11D3-BF4B-00C04F79EFBC}") = "UL4", "UL4\UL4.csproj", "{3B3EC918-9165-41F5-8491-5371373E469A}"
EndProject
Project("{FAE04EC0-301F-11D3-BF4B-00C04F79EFBC}") = "Ul4_T", "Ul4_T\Ul4_T.csproj", "{58B8ADA0-ED1A-4C3F-82D4-1B508B679537}"
EndProject
Global
	GlobalSection(SolutionConfigurationPlatforms) = preSolution
		Debug|Any CPU = Debug|Any CPU
		Release|Any CPU = Release|Any CPU
	EndGlobalSection
	GlobalSection(ProjectConfigurationPlatforms) = postSolution
		{3B3EC918-9165-41F5-8491-5371373E469A}.Debug|Any CPU.ActiveCfg = Debug|Any CPU
		{3B3EC918-9165-41F5-8491-5371373E469A}.Debug|Any CPU.Build.0 = Debug|Any CPU
		{3B3EC918-9165-41F5-8491-5371373E469A}.Release|Any CPU.ActiveCfg = Release|Any CPU
		{3B3EC918-9165-41F5-8491-5371373E469A}.Release|Any CPU.Build.0 = Release|Any CPU
		{58B8ADA0-ED1A-4C3F-82D4-1B508B679537}.Debug|Any CPU.ActiveCfg = Debug|Any CPU
		{58B8ADA0-ED1A-4C3F-82D4-1B508B679537}.Debug|Any CPU.Build.0 = Debug|Any CPU
		{58B8ADA0-ED1A-4C3F-82D4-1B508B679537}.Release|Any CPU.ActiveCfg = Release|Any CPU
		{58B8ADA0-ED1A-4C3F-82D4-1B508B679537}.Release|Any CPU.Build.0 = Release|Any CPU
	EndGlobalSection
	GlobalSection(SolutionProperties) = preSolution
		HideSolutionNode = FALSE
	EndGlobalSection
	GlobalSection(ExtensibilityGlobals) = postSolution
		SolutionGuid = {499AF7E4-2E70-4687-B081-23C02FE6E352}
	EndGlobalSection
EndGlobal
